// !$*UTF8*$!
{
	archiveVersion = 1;
	classes = {
	};
	objectVersion = 51;
	objects = {

/* Begin PBXBuildFile section */
		617AD896418ED0DB480D897D /* Pods_RTTrPM_to_OSCTests.framework in Frameworks */ = {isa = PBXBuildFile; fileRef = 4F6CC467F9254E8D255927D9 /* Pods_RTTrPM_to_OSCTests.framework */; };
		73D0199C0AD097F3A046EA58 /* Pods_RTTrPM_to_OSC.framework in Frameworks */ = {isa = PBXBuildFile; fileRef = FA34ACDF6BFCA9EA2AA9F573 /* Pods_RTTrPM_to_OSC.framework */; };
		9A1BEDDD2376110A00819BFD /* Globals.swift in Sources */ = {isa = PBXBuildFile; fileRef = 9A1BEDDC2376110A00819BFD /* Globals.swift */; };
		9A1C54422374AEA40033D247 /* RTTrP.swift in Sources */ = {isa = PBXBuildFile; fileRef = 9A1C54412374AEA40033D247 /* RTTrP.swift */; };
		9A4546DC237FA3240022A22F /* wraper_RTTrP.cpp in Sources */ = {isa = PBXBuildFile; fileRef = 9A4546DA237FA3240022A22F /* wraper_RTTrP.cpp */; };
		9A59306B23809AD600261E35 /* libRTTrPLib.a in Frameworks */ = {isa = PBXBuildFile; fileRef = 9A59306A23809AD600261E35 /* libRTTrPLib.a */; };
		9A5930C02380BB4B00261E35 /* wrapper_lighting.cpp in Sources */ = {isa = PBXBuildFile; fileRef = 9A5930BE2380BB4B00261E35 /* wrapper_lighting.cpp */; };
		9A5D6FEB2374B49D001213D3 /* RTTrPM.swift in Sources */ = {isa = PBXBuildFile; fileRef = 9A5D6FEA2374B49D001213D3 /* RTTrPM.swift */; };
		9A5D6FEE2374B55A001213D3 /* ThirdParty.swift in Sources */ = {isa = PBXBuildFile; fileRef = 9A5D6FED2374B55A001213D3 /* ThirdParty.swift */; };
		9A8CE1F823688B4F00FA566F /* AppDelegate.swift in Sources */ = {isa = PBXBuildFile; fileRef = 9A8CE1F723688B4F00FA566F /* AppDelegate.swift */; };
		9A8CE1FA23688B4F00FA566F /* ViewController.swift in Sources */ = {isa = PBXBuildFile; fileRef = 9A8CE1F923688B4F00FA566F /* ViewController.swift */; };
		9A8CE1FC23688B5000FA566F /* Assets.xcassets in Resources */ = {isa = PBXBuildFile; fileRef = 9A8CE1FB23688B5000FA566F /* Assets.xcassets */; };
		9A8CE1FF23688B5000FA566F /* Main.storyboard in Resources */ = {isa = PBXBuildFile; fileRef = 9A8CE1FD23688B5000FA566F /* Main.storyboard */; };
		9A8CE20B23688B5000FA566F /* RTTrPM_to_OSCTests.swift in Sources */ = {isa = PBXBuildFile; fileRef = 9A8CE20A23688B5000FA566F /* RTTrPM_to_OSCTests.swift */; };
		9A8CE21623688B5000FA566F /* RTTrPM_to_OSCUITests.swift in Sources */ = {isa = PBXBuildFile; fileRef = 9A8CE21523688B5000FA566F /* RTTrPM_to_OSCUITests.swift */; };
		FDE319D6730036DD74BA9514 /* Pods_RTTrPM_to_OSC_RTTrPM_to_OSCUITests.framework in Frameworks */ = {isa = PBXBuildFile; fileRef = 09897E80BEE22736649B63AC /* Pods_RTTrPM_to_OSC_RTTrPM_to_OSCUITests.framework */; };
/* End PBXBuildFile section */

/* Begin PBXContainerItemProxy section */
		9A8CE20723688B5000FA566F /* PBXContainerItemProxy */ = {
			isa = PBXContainerItemProxy;
			containerPortal = 9A8CE1EC23688B4F00FA566F /* Project object */;
			proxyType = 1;
			remoteGlobalIDString = 9A8CE1F323688B4F00FA566F;
			remoteInfo = "RTTrPM to OSC";
		};
		9A8CE21223688B5000FA566F /* PBXContainerItemProxy */ = {
			isa = PBXContainerItemProxy;
			containerPortal = 9A8CE1EC23688B4F00FA566F /* Project object */;
			proxyType = 1;
			remoteGlobalIDString = 9A8CE1F323688B4F00FA566F;
			remoteInfo = "RTTrPM to OSC";
		};
/* End PBXContainerItemProxy section */

/* Begin PBXFileReference section */
		024CA0BF726156C8F57AF012 /* Pods-RTTrPM to OSC.release.xcconfig */ = {isa = PBXFileReference; includeInIndex = 1; lastKnownFileType = text.xcconfig; name = "Pods-RTTrPM to OSC.release.xcconfig"; path = "Target Support Files/Pods-RTTrPM to OSC/Pods-RTTrPM to OSC.release.xcconfig"; sourceTree = "<group>"; };
		09897E80BEE22736649B63AC /* Pods_RTTrPM_to_OSC_RTTrPM_to_OSCUITests.framework */ = {isa = PBXFileReference; explicitFileType = wrapper.framework; includeInIndex = 0; path = Pods_RTTrPM_to_OSC_RTTrPM_to_OSCUITests.framework; sourceTree = BUILT_PRODUCTS_DIR; };
		4F6CC467F9254E8D255927D9 /* Pods_RTTrPM_to_OSCTests.framework */ = {isa = PBXFileReference; explicitFileType = wrapper.framework; includeInIndex = 0; path = Pods_RTTrPM_to_OSCTests.framework; sourceTree = BUILT_PRODUCTS_DIR; };
		659690036E8C044725F04E90 /* Pods-RTTrPM to OSC.debug.xcconfig */ = {isa = PBXFileReference; includeInIndex = 1; lastKnownFileType = text.xcconfig; name = "Pods-RTTrPM to OSC.debug.xcconfig"; path = "Target Support Files/Pods-RTTrPM to OSC/Pods-RTTrPM to OSC.debug.xcconfig"; sourceTree = "<group>"; };
		65B878053F39CECB46C100F0 /* Pods-RTTrPM to OSCTests.debug.xcconfig */ = {isa = PBXFileReference; includeInIndex = 1; lastKnownFileType = text.xcconfig; name = "Pods-RTTrPM to OSCTests.debug.xcconfig"; path = "Target Support Files/Pods-RTTrPM to OSCTests/Pods-RTTrPM to OSCTests.debug.xcconfig"; sourceTree = "<group>"; };
		72ED6B9C0A7829E47858F25D /* Pods-RTTrPM to OSCTests.release.xcconfig */ = {isa = PBXFileReference; includeInIndex = 1; lastKnownFileType = text.xcconfig; name = "Pods-RTTrPM to OSCTests.release.xcconfig"; path = "Target Support Files/Pods-RTTrPM to OSCTests/Pods-RTTrPM to OSCTests.release.xcconfig"; sourceTree = "<group>"; };
		9A1BEDDC2376110A00819BFD /* Globals.swift */ = {isa = PBXFileReference; lastKnownFileType = sourcecode.swift; path = Globals.swift; sourceTree = "<group>"; };
		9A1C54412374AEA40033D247 /* RTTrP.swift */ = {isa = PBXFileReference; lastKnownFileType = sourcecode.swift; path = RTTrP.swift; sourceTree = "<group>"; };
		9A4546CB237FA1060022A22F /* rttrpLib.a */ = {isa = PBXFileReference; lastKnownFileType = archive.ar; name = rttrpLib.a; path = "../Clones/RTTrP-v1.8.7/C++/rttrpLib.a"; sourceTree = "<group>"; };
		9A4546D2237FA1A70022A22F /* RTTrP.h */ = {isa = PBXFileReference; explicitFileType = sourcecode.cpp.h; fileEncoding = 4; path = RTTrP.h; sourceTree = "<group>"; };
		9A4546D3237FA1A70022A22F /* protocol_common.h */ = {isa = PBXFileReference; explicitFileType = sourcecode.cpp.h; fileEncoding = 4; path = protocol_common.h; sourceTree = "<group>"; };
		9A4546D4237FA1A70022A22F /* lighting.h */ = {isa = PBXFileReference; explicitFileType = sourcecode.cpp.h; fileEncoding = 4; path = lighting.h; sourceTree = "<group>"; };
		9A4546D5237FA1A70022A22F /* thirdParty_motion.h */ = {isa = PBXFileReference; explicitFileType = sourcecode.cpp.h; fileEncoding = 4; path = thirdParty_motion.h; sourceTree = "<group>"; };
		9A4546D6237FA2030022A22F /* RTTrPM to OSC-Bridging-Header.h */ = {isa = PBXFileReference; explicitFileType = sourcecode.cpp.h; path = "RTTrPM to OSC-Bridging-Header.h"; sourceTree = "<group>"; };
		9A4546DA237FA3240022A22F /* wraper_RTTrP.cpp */ = {isa = PBXFileReference; lastKnownFileType = sourcecode.cpp.cpp; path = wraper_RTTrP.cpp; sourceTree = "<group>"; };
		9A4546DB237FA3240022A22F /* wraper_RTTrP.hpp */ = {isa = PBXFileReference; lastKnownFileType = sourcecode.cpp.h; path = wraper_RTTrP.hpp; sourceTree = "<group>"; };
		9A4546DD23807D530022A22F /* libc++.tbd */ = {isa = PBXFileReference; lastKnownFileType = "sourcecode.text-based-dylib-definition"; name = "libc++.tbd"; path = "usr/lib/libc++.tbd"; sourceTree = SDKROOT; };
		9A4546DF23808EB30022A22F /* libc++.1.tbd */ = {isa = PBXFileReference; lastKnownFileType = "sourcecode.text-based-dylib-definition"; name = "libc++.1.tbd"; path = "usr/lib/libc++.1.tbd"; sourceTree = SDKROOT; };
		9A59306823809A3800261E35 /* README.md */ = {isa = PBXFileReference; lastKnownFileType = net.daringfireball.markdown; path = README.md; sourceTree = "<group>"; };
		9A59306A23809AD600261E35 /* libRTTrPLib.a */ = {isa = PBXFileReference; lastKnownFileType = archive.ar; path = libRTTrPLib.a; sourceTree = "<group>"; };
		9A5930BE2380BB4B00261E35 /* wrapper_lighting.cpp */ = {isa = PBXFileReference; lastKnownFileType = sourcecode.cpp.cpp; path = wrapper_lighting.cpp; sourceTree = "<group>"; };
		9A5930BF2380BB4B00261E35 /* wrapper_lighting.hpp */ = {isa = PBXFileReference; lastKnownFileType = sourcecode.cpp.h; path = wrapper_lighting.hpp; sourceTree = "<group>"; };
		9A5D6FEA2374B49D001213D3 /* RTTrPM.swift */ = {isa = PBXFileReference; lastKnownFileType = sourcecode.swift; path = RTTrPM.swift; sourceTree = "<group>"; };
		9A5D6FED2374B55A001213D3 /* ThirdParty.swift */ = {isa = PBXFileReference; lastKnownFileType = sourcecode.swift; path = ThirdParty.swift; sourceTree = "<group>"; };
		9A8CE1F423688B4F00FA566F /* RTTrPM to OSC.app */ = {isa = PBXFileReference; explicitFileType = wrapper.application; includeInIndex = 0; path = "RTTrPM to OSC.app"; sourceTree = BUILT_PRODUCTS_DIR; };
		9A8CE1F723688B4F00FA566F /* AppDelegate.swift */ = {isa = PBXFileReference; lastKnownFileType = sourcecode.swift; path = AppDelegate.swift; sourceTree = "<group>"; };
		9A8CE1F923688B4F00FA566F /* ViewController.swift */ = {isa = PBXFileReference; lastKnownFileType = sourcecode.swift; path = ViewController.swift; sourceTree = "<group>"; };
		9A8CE1FB23688B5000FA566F /* Assets.xcassets */ = {isa = PBXFileReference; lastKnownFileType = folder.assetcatalog; path = Assets.xcassets; sourceTree = "<group>"; };
		9A8CE1FE23688B5000FA566F /* Base */ = {isa = PBXFileReference; lastKnownFileType = file.storyboard; name = Base; path = Base.lproj/Main.storyboard; sourceTree = "<group>"; };
		9A8CE20023688B5000FA566F /* Info.plist */ = {isa = PBXFileReference; lastKnownFileType = text.plist.xml; path = Info.plist; sourceTree = "<group>"; };
		9A8CE20123688B5000FA566F /* RTTrPM_to_OSC.entitlements */ = {isa = PBXFileReference; lastKnownFileType = text.plist.entitlements; path = RTTrPM_to_OSC.entitlements; sourceTree = "<group>"; };
		9A8CE20623688B5000FA566F /* RTTrPM to OSCTests.xctest */ = {isa = PBXFileReference; explicitFileType = wrapper.cfbundle; includeInIndex = 0; path = "RTTrPM to OSCTests.xctest"; sourceTree = BUILT_PRODUCTS_DIR; };
		9A8CE20A23688B5000FA566F /* RTTrPM_to_OSCTests.swift */ = {isa = PBXFileReference; lastKnownFileType = sourcecode.swift; path = RTTrPM_to_OSCTests.swift; sourceTree = "<group>"; };
		9A8CE20C23688B5000FA566F /* Info.plist */ = {isa = PBXFileReference; lastKnownFileType = text.plist.xml; path = Info.plist; sourceTree = "<group>"; };
		9A8CE21123688B5000FA566F /* RTTrPM to OSCUITests.xctest */ = {isa = PBXFileReference; explicitFileType = wrapper.cfbundle; includeInIndex = 0; path = "RTTrPM to OSCUITests.xctest"; sourceTree = BUILT_PRODUCTS_DIR; };
		9A8CE21523688B5000FA566F /* RTTrPM_to_OSCUITests.swift */ = {isa = PBXFileReference; lastKnownFileType = sourcecode.swift; path = RTTrPM_to_OSCUITests.swift; sourceTree = "<group>"; };
		9A8CE21723688B5000FA566F /* Info.plist */ = {isa = PBXFileReference; lastKnownFileType = text.plist.xml; path = Info.plist; sourceTree = "<group>"; };
		E53041991B0B5B38A9B547DD /* Pods-RTTrPM to OSC-RTTrPM to OSCUITests.release.xcconfig */ = {isa = PBXFileReference; includeInIndex = 1; lastKnownFileType = text.xcconfig; name = "Pods-RTTrPM to OSC-RTTrPM to OSCUITests.release.xcconfig"; path = "Target Support Files/Pods-RTTrPM to OSC-RTTrPM to OSCUITests/Pods-RTTrPM to OSC-RTTrPM to OSCUITests.release.xcconfig"; sourceTree = "<group>"; };
		F9BF0C512C2B7C8820EA8959 /* Pods-RTTrPM to OSC-RTTrPM to OSCUITests.debug.xcconfig */ = {isa = PBXFileReference; includeInIndex = 1; lastKnownFileType = text.xcconfig; name = "Pods-RTTrPM to OSC-RTTrPM to OSCUITests.debug.xcconfig"; path = "Target Support Files/Pods-RTTrPM to OSC-RTTrPM to OSCUITests/Pods-RTTrPM to OSC-RTTrPM to OSCUITests.debug.xcconfig"; sourceTree = "<group>"; };
		FA34ACDF6BFCA9EA2AA9F573 /* Pods_RTTrPM_to_OSC.framework */ = {isa = PBXFileReference; explicitFileType = wrapper.framework; includeInIndex = 0; path = Pods_RTTrPM_to_OSC.framework; sourceTree = BUILT_PRODUCTS_DIR; };
/* End PBXFileReference section */

/* Begin PBXFrameworksBuildPhase section */
		9A8CE1F123688B4F00FA566F /* Frameworks */ = {
			isa = PBXFrameworksBuildPhase;
			buildActionMask = 2147483647;
			files = (
				9A59306B23809AD600261E35 /* libRTTrPLib.a in Frameworks */,
				73D0199C0AD097F3A046EA58 /* Pods_RTTrPM_to_OSC.framework in Frameworks */,
			);
			runOnlyForDeploymentPostprocessing = 0;
		};
		9A8CE20323688B5000FA566F /* Frameworks */ = {
			isa = PBXFrameworksBuildPhase;
			buildActionMask = 2147483647;
			files = (
				617AD896418ED0DB480D897D /* Pods_RTTrPM_to_OSCTests.framework in Frameworks */,
			);
			runOnlyForDeploymentPostprocessing = 0;
		};
		9A8CE20E23688B5000FA566F /* Frameworks */ = {
			isa = PBXFrameworksBuildPhase;
			buildActionMask = 2147483647;
			files = (
				FDE319D6730036DD74BA9514 /* Pods_RTTrPM_to_OSC_RTTrPM_to_OSCUITests.framework in Frameworks */,
			);
			runOnlyForDeploymentPostprocessing = 0;
		};
/* End PBXFrameworksBuildPhase section */

/* Begin PBXGroup section */
		23A2D1578BDBB12AEA98D75E /* Frameworks */ = {
			isa = PBXGroup;
			children = (
				9A59306A23809AD600261E35 /* libRTTrPLib.a */,
				9A59306823809A3800261E35 /* README.md */,
				9A4546DF23808EB30022A22F /* libc++.1.tbd */,
				9A4546DD23807D530022A22F /* libc++.tbd */,
				9A4546CB237FA1060022A22F /* rttrpLib.a */,
				FA34ACDF6BFCA9EA2AA9F573 /* Pods_RTTrPM_to_OSC.framework */,
				09897E80BEE22736649B63AC /* Pods_RTTrPM_to_OSC_RTTrPM_to_OSCUITests.framework */,
				4F6CC467F9254E8D255927D9 /* Pods_RTTrPM_to_OSCTests.framework */,
			);
			name = Frameworks;
			sourceTree = "<group>";
		};
		8D1B462FDF7A37A6C964A687 /* Pods */ = {
			isa = PBXGroup;
			children = (
				659690036E8C044725F04E90 /* Pods-RTTrPM to OSC.debug.xcconfig */,
				024CA0BF726156C8F57AF012 /* Pods-RTTrPM to OSC.release.xcconfig */,
				F9BF0C512C2B7C8820EA8959 /* Pods-RTTrPM to OSC-RTTrPM to OSCUITests.debug.xcconfig */,
				E53041991B0B5B38A9B547DD /* Pods-RTTrPM to OSC-RTTrPM to OSCUITests.release.xcconfig */,
				65B878053F39CECB46C100F0 /* Pods-RTTrPM to OSCTests.debug.xcconfig */,
				72ED6B9C0A7829E47858F25D /* Pods-RTTrPM to OSCTests.release.xcconfig */,
			);
			path = Pods;
			sourceTree = "<group>";
		};
		9A4546D1237FA1A70022A22F /* RTTrP Cpp */ = {
			isa = PBXGroup;
			children = (
				9A4546D2237FA1A70022A22F /* RTTrP.h */,
				9A4546DA237FA3240022A22F /* wraper_RTTrP.cpp */,
				9A4546DB237FA3240022A22F /* wraper_RTTrP.hpp */,
				9A4546D3237FA1A70022A22F /* protocol_common.h */,
				9A4546D4237FA1A70022A22F /* lighting.h */,
				9A5930BE2380BB4B00261E35 /* wrapper_lighting.cpp */,
				9A5930BF2380BB4B00261E35 /* wrapper_lighting.hpp */,
				9A4546D5237FA1A70022A22F /* thirdParty_motion.h */,
				9A4546D6237FA2030022A22F /* RTTrPM to OSC-Bridging-Header.h */,
			);
			path = "RTTrP Cpp";
			sourceTree = "<group>";
		};
		9A5D6FEC2374B524001213D3 /* RTTrP */ = {
			isa = PBXGroup;
			children = (
				9A1C54412374AEA40033D247 /* RTTrP.swift */,
				9A5D6FEA2374B49D001213D3 /* RTTrPM.swift */,
				9A5D6FED2374B55A001213D3 /* ThirdParty.swift */,
			);
			path = RTTrP;
			sourceTree = "<group>";
		};
		9A8CE1EB23688B4F00FA566F = {
			isa = PBXGroup;
			children = (
				9A8CE1F623688B4F00FA566F /* RTTrPM to OSC */,
				9A8CE20923688B5000FA566F /* RTTrPM to OSCTests */,
				9A8CE21423688B5000FA566F /* RTTrPM to OSCUITests */,
				9A8CE1F523688B4F00FA566F /* Products */,
				8D1B462FDF7A37A6C964A687 /* Pods */,
				23A2D1578BDBB12AEA98D75E /* Frameworks */,
			);
			sourceTree = "<group>";
		};
		9A8CE1F523688B4F00FA566F /* Products */ = {
			isa = PBXGroup;
			children = (
				9A8CE1F423688B4F00FA566F /* RTTrPM to OSC.app */,
				9A8CE20623688B5000FA566F /* RTTrPM to OSCTests.xctest */,
				9A8CE21123688B5000FA566F /* RTTrPM to OSCUITests.xctest */,
			);
			name = Products;
			sourceTree = "<group>";
		};
		9A8CE1F623688B4F00FA566F /* RTTrPM to OSC */ = {
			isa = PBXGroup;
			children = (
				9A8CE1F723688B4F00FA566F /* AppDelegate.swift */,
				9A8CE1F923688B4F00FA566F /* ViewController.swift */,
				9A1BEDDC2376110A00819BFD /* Globals.swift */,
				9A5D6FEC2374B524001213D3 /* RTTrP */,
				9A4546D1237FA1A70022A22F /* RTTrP Cpp */,
				9A8CE1FB23688B5000FA566F /* Assets.xcassets */,
				9A8CE1FD23688B5000FA566F /* Main.storyboard */,
				9A8CE20023688B5000FA566F /* Info.plist */,
				9A8CE20123688B5000FA566F /* RTTrPM_to_OSC.entitlements */,
			);
			path = "RTTrPM to OSC";
			sourceTree = "<group>";
		};
		9A8CE20923688B5000FA566F /* RTTrPM to OSCTests */ = {
			isa = PBXGroup;
			children = (
				9A8CE20A23688B5000FA566F /* RTTrPM_to_OSCTests.swift */,
				9A8CE20C23688B5000FA566F /* Info.plist */,
			);
			path = "RTTrPM to OSCTests";
			sourceTree = "<group>";
		};
		9A8CE21423688B5000FA566F /* RTTrPM to OSCUITests */ = {
			isa = PBXGroup;
			children = (
				9A8CE21523688B5000FA566F /* RTTrPM_to_OSCUITests.swift */,
				9A8CE21723688B5000FA566F /* Info.plist */,
			);
			path = "RTTrPM to OSCUITests";
			sourceTree = "<group>";
		};
/* End PBXGroup section */

/* Begin PBXNativeTarget section */
		9A8CE1F323688B4F00FA566F /* RTTrPM to OSC */ = {
			isa = PBXNativeTarget;
			buildConfigurationList = 9A8CE21A23688B5000FA566F /* Build configuration list for PBXNativeTarget "RTTrPM to OSC" */;
			buildPhases = (
				5E1D4610FE904DA4D2B6781D /* [CP] Check Pods Manifest.lock */,
				9A8CE1F023688B4F00FA566F /* Sources */,
				9A8CE1F123688B4F00FA566F /* Frameworks */,
				9A8CE1F223688B4F00FA566F /* Resources */,
				3CEA023834B8130527F33529 /* [CP] Embed Pods Frameworks */,
			);
			buildRules = (
			);
			dependencies = (
			);
			name = "RTTrPM to OSC";
			productName = "RTTrPM to OSC";
			productReference = 9A8CE1F423688B4F00FA566F /* RTTrPM to OSC.app */;
			productType = "com.apple.product-type.application";
		};
		9A8CE20523688B5000FA566F /* RTTrPM to OSCTests */ = {
			isa = PBXNativeTarget;
			buildConfigurationList = 9A8CE21D23688B5000FA566F /* Build configuration list for PBXNativeTarget "RTTrPM to OSCTests" */;
			buildPhases = (
				CCAE9B5D4DFFAEB465A77A2F /* [CP] Check Pods Manifest.lock */,
				9A8CE20223688B5000FA566F /* Sources */,
				9A8CE20323688B5000FA566F /* Frameworks */,
				9A8CE20423688B5000FA566F /* Resources */,
			);
			buildRules = (
			);
			dependencies = (
				9A8CE20823688B5000FA566F /* PBXTargetDependency */,
			);
			name = "RTTrPM to OSCTests";
			productName = "RTTrPM to OSCTests";
			productReference = 9A8CE20623688B5000FA566F /* RTTrPM to OSCTests.xctest */;
			productType = "com.apple.product-type.bundle.unit-test";
		};
		9A8CE21023688B5000FA566F /* RTTrPM to OSCUITests */ = {
			isa = PBXNativeTarget;
			buildConfigurationList = 9A8CE22023688B5000FA566F /* Build configuration list for PBXNativeTarget "RTTrPM to OSCUITests" */;
			buildPhases = (
				FAF21EF3FFC0BA4F6B31C284 /* [CP] Check Pods Manifest.lock */,
				9A8CE20D23688B5000FA566F /* Sources */,
				9A8CE20E23688B5000FA566F /* Frameworks */,
				9A8CE20F23688B5000FA566F /* Resources */,
				83DBDBFA1CF872FC182E7BF3 /* [CP] Embed Pods Frameworks */,
			);
			buildRules = (
			);
			dependencies = (
				9A8CE21323688B5000FA566F /* PBXTargetDependency */,
			);
			name = "RTTrPM to OSCUITests";
			productName = "RTTrPM to OSCUITests";
			productReference = 9A8CE21123688B5000FA566F /* RTTrPM to OSCUITests.xctest */;
			productType = "com.apple.product-type.bundle.ui-testing";
		};
/* End PBXNativeTarget section */

/* Begin PBXProject section */
		9A8CE1EC23688B4F00FA566F /* Project object */ = {
			isa = PBXProject;
			attributes = {
				LastSwiftUpdateCheck = 1030;
				LastUpgradeCheck = 1030;
				ORGANIZATIONNAME = "GW Rodriguez";
				TargetAttributes = {
					9A8CE1F323688B4F00FA566F = {
						CreatedOnToolsVersion = 10.3;
						LastSwiftMigration = 1030;
					};
					9A8CE20523688B5000FA566F = {
						CreatedOnToolsVersion = 10.3;
						TestTargetID = 9A8CE1F323688B4F00FA566F;
					};
					9A8CE21023688B5000FA566F = {
						CreatedOnToolsVersion = 10.3;
						TestTargetID = 9A8CE1F323688B4F00FA566F;
					};
				};
			};
			buildConfigurationList = 9A8CE1EF23688B4F00FA566F /* Build configuration list for PBXProject "RTTrPM to OSC" */;
			compatibilityVersion = "Xcode 9.3";
			developmentRegion = en;
			hasScannedForEncodings = 0;
			knownRegions = (
				en,
				Base,
			);
			mainGroup = 9A8CE1EB23688B4F00FA566F;
			productRefGroup = 9A8CE1F523688B4F00FA566F /* Products */;
			projectDirPath = "";
			projectRoot = "";
			targets = (
				9A8CE1F323688B4F00FA566F /* RTTrPM to OSC */,
				9A8CE20523688B5000FA566F /* RTTrPM to OSCTests */,
				9A8CE21023688B5000FA566F /* RTTrPM to OSCUITests */,
			);
		};
/* End PBXProject section */

/* Begin PBXResourcesBuildPhase section */
		9A8CE1F223688B4F00FA566F /* Resources */ = {
			isa = PBXResourcesBuildPhase;
			buildActionMask = 2147483647;
			files = (
				9A8CE1FC23688B5000FA566F /* Assets.xcassets in Resources */,
				9A8CE1FF23688B5000FA566F /* Main.storyboard in Resources */,
			);
			runOnlyForDeploymentPostprocessing = 0;
		};
		9A8CE20423688B5000FA566F /* Resources */ = {
			isa = PBXResourcesBuildPhase;
			buildActionMask = 2147483647;
			files = (
			);
			runOnlyForDeploymentPostprocessing = 0;
		};
		9A8CE20F23688B5000FA566F /* Resources */ = {
			isa = PBXResourcesBuildPhase;
			buildActionMask = 2147483647;
			files = (
			);
			runOnlyForDeploymentPostprocessing = 0;
		};
/* End PBXResourcesBuildPhase section */

/* Begin PBXShellScriptBuildPhase section */
		3CEA023834B8130527F33529 /* [CP] Embed Pods Frameworks */ = {
			isa = PBXShellScriptBuildPhase;
			buildActionMask = 2147483647;
			files = (
			);
			inputFileListPaths = (
				"${PODS_ROOT}/Target Support Files/Pods-RTTrPM to OSC/Pods-RTTrPM to OSC-frameworks-${CONFIGURATION}-input-files.xcfilelist",
			);
			name = "[CP] Embed Pods Frameworks";
			outputFileListPaths = (
				"${PODS_ROOT}/Target Support Files/Pods-RTTrPM to OSC/Pods-RTTrPM to OSC-frameworks-${CONFIGURATION}-output-files.xcfilelist",
			);
			runOnlyForDeploymentPostprocessing = 0;
			shellPath = /bin/sh;
			shellScript = "\"${PODS_ROOT}/Target Support Files/Pods-RTTrPM to OSC/Pods-RTTrPM to OSC-frameworks.sh\"\n";
			showEnvVarsInLog = 0;
		};
		5E1D4610FE904DA4D2B6781D /* [CP] Check Pods Manifest.lock */ = {
			isa = PBXShellScriptBuildPhase;
			buildActionMask = 2147483647;
			files = (
			);
			inputFileListPaths = (
			);
			inputPaths = (
				"${PODS_PODFILE_DIR_PATH}/Podfile.lock",
				"${PODS_ROOT}/Manifest.lock",
			);
			name = "[CP] Check Pods Manifest.lock";
			outputFileListPaths = (
			);
			outputPaths = (
				"$(DERIVED_FILE_DIR)/Pods-RTTrPM to OSC-checkManifestLockResult.txt",
			);
			runOnlyForDeploymentPostprocessing = 0;
			shellPath = /bin/sh;
			shellScript = "diff \"${PODS_PODFILE_DIR_PATH}/Podfile.lock\" \"${PODS_ROOT}/Manifest.lock\" > /dev/null\nif [ $? != 0 ] ; then\n    # print error to STDERR\n    echo \"error: The sandbox is not in sync with the Podfile.lock. Run 'pod install' or update your CocoaPods installation.\" >&2\n    exit 1\nfi\n# This output is used by Xcode 'outputs' to avoid re-running this script phase.\necho \"SUCCESS\" > \"${SCRIPT_OUTPUT_FILE_0}\"\n";
			showEnvVarsInLog = 0;
		};
		83DBDBFA1CF872FC182E7BF3 /* [CP] Embed Pods Frameworks */ = {
			isa = PBXShellScriptBuildPhase;
			buildActionMask = 2147483647;
			files = (
			);
			inputFileListPaths = (
				"${PODS_ROOT}/Target Support Files/Pods-RTTrPM to OSC-RTTrPM to OSCUITests/Pods-RTTrPM to OSC-RTTrPM to OSCUITests-frameworks-${CONFIGURATION}-input-files.xcfilelist",
			);
			name = "[CP] Embed Pods Frameworks";
			outputFileListPaths = (
				"${PODS_ROOT}/Target Support Files/Pods-RTTrPM to OSC-RTTrPM to OSCUITests/Pods-RTTrPM to OSC-RTTrPM to OSCUITests-frameworks-${CONFIGURATION}-output-files.xcfilelist",
			);
			runOnlyForDeploymentPostprocessing = 0;
			shellPath = /bin/sh;
			shellScript = "\"${PODS_ROOT}/Target Support Files/Pods-RTTrPM to OSC-RTTrPM to OSCUITests/Pods-RTTrPM to OSC-RTTrPM to OSCUITests-frameworks.sh\"\n";
			showEnvVarsInLog = 0;
		};
		CCAE9B5D4DFFAEB465A77A2F /* [CP] Check Pods Manifest.lock */ = {
			isa = PBXShellScriptBuildPhase;
			buildActionMask = 2147483647;
			files = (
			);
			inputFileListPaths = (
			);
			inputPaths = (
				"${PODS_PODFILE_DIR_PATH}/Podfile.lock",
				"${PODS_ROOT}/Manifest.lock",
			);
			name = "[CP] Check Pods Manifest.lock";
			outputFileListPaths = (
			);
			outputPaths = (
				"$(DERIVED_FILE_DIR)/Pods-RTTrPM to OSCTests-checkManifestLockResult.txt",
			);
			runOnlyForDeploymentPostprocessing = 0;
			shellPath = /bin/sh;
			shellScript = "diff \"${PODS_PODFILE_DIR_PATH}/Podfile.lock\" \"${PODS_ROOT}/Manifest.lock\" > /dev/null\nif [ $? != 0 ] ; then\n    # print error to STDERR\n    echo \"error: The sandbox is not in sync with the Podfile.lock. Run 'pod install' or update your CocoaPods installation.\" >&2\n    exit 1\nfi\n# This output is used by Xcode 'outputs' to avoid re-running this script phase.\necho \"SUCCESS\" > \"${SCRIPT_OUTPUT_FILE_0}\"\n";
			showEnvVarsInLog = 0;
		};
		FAF21EF3FFC0BA4F6B31C284 /* [CP] Check Pods Manifest.lock */ = {
			isa = PBXShellScriptBuildPhase;
			buildActionMask = 2147483647;
			files = (
			);
			inputFileListPaths = (
			);
			inputPaths = (
				"${PODS_PODFILE_DIR_PATH}/Podfile.lock",
				"${PODS_ROOT}/Manifest.lock",
			);
			name = "[CP] Check Pods Manifest.lock";
			outputFileListPaths = (
			);
			outputPaths = (
				"$(DERIVED_FILE_DIR)/Pods-RTTrPM to OSC-RTTrPM to OSCUITests-checkManifestLockResult.txt",
			);
			runOnlyForDeploymentPostprocessing = 0;
			shellPath = /bin/sh;
			shellScript = "diff \"${PODS_PODFILE_DIR_PATH}/Podfile.lock\" \"${PODS_ROOT}/Manifest.lock\" > /dev/null\nif [ $? != 0 ] ; then\n    # print error to STDERR\n    echo \"error: The sandbox is not in sync with the Podfile.lock. Run 'pod install' or update your CocoaPods installation.\" >&2\n    exit 1\nfi\n# This output is used by Xcode 'outputs' to avoid re-running this script phase.\necho \"SUCCESS\" > \"${SCRIPT_OUTPUT_FILE_0}\"\n";
			showEnvVarsInLog = 0;
		};
/* End PBXShellScriptBuildPhase section */

/* Begin PBXSourcesBuildPhase section */
		9A8CE1F023688B4F00FA566F /* Sources */ = {
			isa = PBXSourcesBuildPhase;
			buildActionMask = 2147483647;
			files = (
				9A5D6FEB2374B49D001213D3 /* RTTrPM.swift in Sources */,
				9A5D6FEE2374B55A001213D3 /* ThirdParty.swift in Sources */,
				9A1BEDDD2376110A00819BFD /* Globals.swift in Sources */,
				9A5930C02380BB4B00261E35 /* wrapper_lighting.cpp in Sources */,
				9A1C54422374AEA40033D247 /* RTTrP.swift in Sources */,
				9A4546DC237FA3240022A22F /* wraper_RTTrP.cpp in Sources */,
				9A8CE1FA23688B4F00FA566F /* ViewController.swift in Sources */,
				9A8CE1F823688B4F00FA566F /* AppDelegate.swift in Sources */,
			);
			runOnlyForDeploymentPostprocessing = 0;
		};
		9A8CE20223688B5000FA566F /* Sources */ = {
			isa = PBXSourcesBuildPhase;
			buildActionMask = 2147483647;
			files = (
				9A8CE20B23688B5000FA566F /* RTTrPM_to_OSCTests.swift in Sources */,
			);
			runOnlyForDeploymentPostprocessing = 0;
		};
		9A8CE20D23688B5000FA566F /* Sources */ = {
			isa = PBXSourcesBuildPhase;
			buildActionMask = 2147483647;
			files = (
				9A8CE21623688B5000FA566F /* RTTrPM_to_OSCUITests.swift in Sources */,
			);
			runOnlyForDeploymentPostprocessing = 0;
		};
/* End PBXSourcesBuildPhase section */

/* Begin PBXTargetDependency section */
		9A8CE20823688B5000FA566F /* PBXTargetDependency */ = {
			isa = PBXTargetDependency;
			target = 9A8CE1F323688B4F00FA566F /* RTTrPM to OSC */;
			targetProxy = 9A8CE20723688B5000FA566F /* PBXContainerItemProxy */;
		};
		9A8CE21323688B5000FA566F /* PBXTargetDependency */ = {
			isa = PBXTargetDependency;
			target = 9A8CE1F323688B4F00FA566F /* RTTrPM to OSC */;
			targetProxy = 9A8CE21223688B5000FA566F /* PBXContainerItemProxy */;
		};
/* End PBXTargetDependency section */

/* Begin PBXVariantGroup section */
		9A8CE1FD23688B5000FA566F /* Main.storyboard */ = {
			isa = PBXVariantGroup;
			children = (
				9A8CE1FE23688B5000FA566F /* Base */,
			);
			name = Main.storyboard;
			sourceTree = "<group>";
		};
/* End PBXVariantGroup section */

/* Begin XCBuildConfiguration section */
		9A8CE21823688B5000FA566F /* Debug */ = {
			isa = XCBuildConfiguration;
			buildSettings = {
				ALWAYS_SEARCH_USER_PATHS = NO;
				CLANG_ANALYZER_NONNULL = YES;
				CLANG_ANALYZER_NUMBER_OBJECT_CONVERSION = YES_AGGRESSIVE;
				CLANG_CXX_LANGUAGE_STANDARD = "gnu++14";
				CLANG_CXX_LIBRARY = "libc++";
				CLANG_ENABLE_MODULES = YES;
				CLANG_ENABLE_OBJC_ARC = YES;
				CLANG_ENABLE_OBJC_WEAK = YES;
				CLANG_WARN_BLOCK_CAPTURE_AUTORELEASING = YES;
				CLANG_WARN_BOOL_CONVERSION = YES;
				CLANG_WARN_COMMA = YES;
				CLANG_WARN_CONSTANT_CONVERSION = YES;
				CLANG_WARN_DEPRECATED_OBJC_IMPLEMENTATIONS = YES;
				CLANG_WARN_DIRECT_OBJC_ISA_USAGE = YES_ERROR;
				CLANG_WARN_DOCUMENTATION_COMMENTS = YES;
				CLANG_WARN_EMPTY_BODY = YES;
				CLANG_WARN_ENUM_CONVERSION = YES;
				CLANG_WARN_INFINITE_RECURSION = YES;
				CLANG_WARN_INT_CONVERSION = YES;
				CLANG_WARN_NON_LITERAL_NULL_CONVERSION = YES;
				CLANG_WARN_OBJC_IMPLICIT_RETAIN_SELF = YES;
				CLANG_WARN_OBJC_LITERAL_CONVERSION = YES;
				CLANG_WARN_OBJC_ROOT_CLASS = YES_ERROR;
				CLANG_WARN_RANGE_LOOP_ANALYSIS = YES;
				CLANG_WARN_STRICT_PROTOTYPES = YES;
				CLANG_WARN_SUSPICIOUS_MOVE = YES;
				CLANG_WARN_UNGUARDED_AVAILABILITY = YES_AGGRESSIVE;
				CLANG_WARN_UNREACHABLE_CODE = YES;
				CLANG_WARN__DUPLICATE_METHOD_MATCH = YES;
				CODE_SIGN_IDENTITY = "-";
				COPY_PHASE_STRIP = NO;
				DEBUG_INFORMATION_FORMAT = dwarf;
				ENABLE_STRICT_OBJC_MSGSEND = YES;
				ENABLE_TESTABILITY = YES;
				GCC_C_LANGUAGE_STANDARD = gnu11;
				GCC_DYNAMIC_NO_PIC = NO;
				GCC_NO_COMMON_BLOCKS = YES;
				GCC_OPTIMIZATION_LEVEL = 0;
				GCC_PREPROCESSOR_DEFINITIONS = (
					"DEBUG=1",
					"$(inherited)",
				);
				GCC_WARN_64_TO_32_BIT_CONVERSION = YES;
				GCC_WARN_ABOUT_RETURN_TYPE = YES_ERROR;
				GCC_WARN_UNDECLARED_SELECTOR = YES;
				GCC_WARN_UNINITIALIZED_AUTOS = YES_AGGRESSIVE;
				GCC_WARN_UNUSED_FUNCTION = YES;
				GCC_WARN_UNUSED_VARIABLE = YES;
				HEADER_SEARCH_PATHS = "";
				MACOSX_DEPLOYMENT_TARGET = 10.14;
				MTL_ENABLE_DEBUG_INFO = INCLUDE_SOURCE;
				MTL_FAST_MATH = YES;
				ONLY_ACTIVE_ARCH = YES;
				SDKROOT = macosx;
				SWIFT_ACTIVE_COMPILATION_CONDITIONS = DEBUG;
				SWIFT_OPTIMIZATION_LEVEL = "-Onone";
				USER_HEADER_SEARCH_PATHS = "";
			};
			name = Debug;
		};
		9A8CE21923688B5000FA566F /* Release */ = {
			isa = XCBuildConfiguration;
			buildSettings = {
				ALWAYS_SEARCH_USER_PATHS = NO;
				CLANG_ANALYZER_NONNULL = YES;
				CLANG_ANALYZER_NUMBER_OBJECT_CONVERSION = YES_AGGRESSIVE;
				CLANG_CXX_LANGUAGE_STANDARD = "gnu++14";
				CLANG_CXX_LIBRARY = "libc++";
				CLANG_ENABLE_MODULES = YES;
				CLANG_ENABLE_OBJC_ARC = YES;
				CLANG_ENABLE_OBJC_WEAK = YES;
				CLANG_WARN_BLOCK_CAPTURE_AUTORELEASING = YES;
				CLANG_WARN_BOOL_CONVERSION = YES;
				CLANG_WARN_COMMA = YES;
				CLANG_WARN_CONSTANT_CONVERSION = YES;
				CLANG_WARN_DEPRECATED_OBJC_IMPLEMENTATIONS = YES;
				CLANG_WARN_DIRECT_OBJC_ISA_USAGE = YES_ERROR;
				CLANG_WARN_DOCUMENTATION_COMMENTS = YES;
				CLANG_WARN_EMPTY_BODY = YES;
				CLANG_WARN_ENUM_CONVERSION = YES;
				CLANG_WARN_INFINITE_RECURSION = YES;
				CLANG_WARN_INT_CONVERSION = YES;
				CLANG_WARN_NON_LITERAL_NULL_CONVERSION = YES;
				CLANG_WARN_OBJC_IMPLICIT_RETAIN_SELF = YES;
				CLANG_WARN_OBJC_LITERAL_CONVERSION = YES;
				CLANG_WARN_OBJC_ROOT_CLASS = YES_ERROR;
				CLANG_WARN_RANGE_LOOP_ANALYSIS = YES;
				CLANG_WARN_STRICT_PROTOTYPES = YES;
				CLANG_WARN_SUSPICIOUS_MOVE = YES;
				CLANG_WARN_UNGUARDED_AVAILABILITY = YES_AGGRESSIVE;
				CLANG_WARN_UNREACHABLE_CODE = YES;
				CLANG_WARN__DUPLICATE_METHOD_MATCH = YES;
				CODE_SIGN_IDENTITY = "-";
				COPY_PHASE_STRIP = NO;
				DEBUG_INFORMATION_FORMAT = "dwarf-with-dsym";
				ENABLE_NS_ASSERTIONS = NO;
				ENABLE_STRICT_OBJC_MSGSEND = YES;
				GCC_C_LANGUAGE_STANDARD = gnu11;
				GCC_NO_COMMON_BLOCKS = YES;
				GCC_WARN_64_TO_32_BIT_CONVERSION = YES;
				GCC_WARN_ABOUT_RETURN_TYPE = YES_ERROR;
				GCC_WARN_UNDECLARED_SELECTOR = YES;
				GCC_WARN_UNINITIALIZED_AUTOS = YES_AGGRESSIVE;
				GCC_WARN_UNUSED_FUNCTION = YES;
				GCC_WARN_UNUSED_VARIABLE = YES;
				HEADER_SEARCH_PATHS = "";
				MACOSX_DEPLOYMENT_TARGET = 10.14;
				MTL_ENABLE_DEBUG_INFO = NO;
				MTL_FAST_MATH = YES;
				SDKROOT = macosx;
				SWIFT_COMPILATION_MODE = wholemodule;
				SWIFT_OPTIMIZATION_LEVEL = "-O";
				USER_HEADER_SEARCH_PATHS = "";
			};
			name = Release;
		};
		9A8CE21B23688B5000FA566F /* Debug */ = {
			isa = XCBuildConfiguration;
			baseConfigurationReference = 659690036E8C044725F04E90 /* Pods-RTTrPM to OSC.debug.xcconfig */;
			buildSettings = {
				ASSETCATALOG_COMPILER_APPICON_NAME = AppIcon;
				CLANG_ENABLE_MODULES = YES;
				CODE_SIGN_ENTITLEMENTS = "RTTrPM to OSC/RTTrPM_to_OSC.entitlements";
				CODE_SIGN_STYLE = Automatic;
				COMBINE_HIDPI_IMAGES = YES;
				GCC_INPUT_FILETYPE = automatic;
				INFOPLIST_FILE = "RTTrPM to OSC/Info.plist";
				LD_RUNPATH_SEARCH_PATHS = (
					"$(inherited)",
					"@executable_path/../Frameworks",
				);
				LIBRARY_SEARCH_PATHS = (
					"$(inherited)",
					"$(PROJECT_DIR)",
				);
				PRODUCT_BUNDLE_IDENTIFIER = "feld.RTTrPM-to-OSC";
				PRODUCT_NAME = "$(TARGET_NAME)";
				SWIFT_OBJC_BRIDGING_HEADER = "RTTrPM to OSC/RTTrP Cpp/RTTrPM to OSC-Bridging-Header.h";
				SWIFT_OPTIMIZATION_LEVEL = "-Onone";
				SWIFT_VERSION = 5.0;
				USER_HEADER_SEARCH_PATHS = "";
			};
			name = Debug;
		};
		9A8CE21C23688B5000FA566F /* Release */ = {
			isa = XCBuildConfiguration;
			baseConfigurationReference = 024CA0BF726156C8F57AF012 /* Pods-RTTrPM to OSC.release.xcconfig */;
			buildSettings = {
				ASSETCATALOG_COMPILER_APPICON_NAME = AppIcon;
				CLANG_ENABLE_MODULES = YES;
				CODE_SIGN_ENTITLEMENTS = "RTTrPM to OSC/RTTrPM_to_OSC.entitlements";
				CODE_SIGN_STYLE = Automatic;
				COMBINE_HIDPI_IMAGES = YES;
				GCC_INPUT_FILETYPE = automatic;
				INFOPLIST_FILE = "RTTrPM to OSC/Info.plist";
				LD_RUNPATH_SEARCH_PATHS = (
					"$(inherited)",
					"@executable_path/../Frameworks",
				);
				LIBRARY_SEARCH_PATHS = (
					"$(inherited)",
					"$(PROJECT_DIR)",
				);
				PRODUCT_BUNDLE_IDENTIFIER = "feld.RTTrPM-to-OSC";
				PRODUCT_NAME = "$(TARGET_NAME)";
				SWIFT_OBJC_BRIDGING_HEADER = "RTTrPM to OSC/RTTrP Cpp/RTTrPM to OSC-Bridging-Header.h";
				SWIFT_VERSION = 5.0;
				USER_HEADER_SEARCH_PATHS = "";
			};
			name = Release;
		};
		9A8CE21E23688B5000FA566F /* Debug */ = {
			isa = XCBuildConfiguration;
			baseConfigurationReference = 65B878053F39CECB46C100F0 /* Pods-RTTrPM to OSCTests.debug.xcconfig */;
			buildSettings = {
				ALWAYS_EMBED_SWIFT_STANDARD_LIBRARIES = YES;
				BUNDLE_LOADER = "$(TEST_HOST)";
				CODE_SIGN_STYLE = Automatic;
				COMBINE_HIDPI_IMAGES = YES;
				INFOPLIST_FILE = "RTTrPM to OSCTests/Info.plist";
				LD_RUNPATH_SEARCH_PATHS = (
					"$(inherited)",
					"@executable_path/../Frameworks",
					"@loader_path/../Frameworks",
				);
				PRODUCT_BUNDLE_IDENTIFIER = "feld.RTTrPM-to-OSCTests";
				PRODUCT_NAME = "$(TARGET_NAME)";
				SWIFT_VERSION = 5.0;
				TEST_HOST = "$(BUILT_PRODUCTS_DIR)/RTTrPM to OSC.app/Contents/MacOS/RTTrPM to OSC";
			};
			name = Debug;
		};
		9A8CE21F23688B5000FA566F /* Release */ = {
			isa = XCBuildConfiguration;
			baseConfigurationReference = 72ED6B9C0A7829E47858F25D /* Pods-RTTrPM to OSCTests.release.xcconfig */;
			buildSettings = {
				ALWAYS_EMBED_SWIFT_STANDARD_LIBRARIES = YES;
				BUNDLE_LOADER = "$(TEST_HOST)";
				CODE_SIGN_STYLE = Automatic;
				COMBINE_HIDPI_IMAGES = YES;
				INFOPLIST_FILE = "RTTrPM to OSCTests/Info.plist";
				LD_RUNPATH_SEARCH_PATHS = (
					"$(inherited)",
					"@executable_path/../Frameworks",
					"@loader_path/../Frameworks",
				);
				PRODUCT_BUNDLE_IDENTIFIER = "feld.RTTrPM-to-OSCTests";
				PRODUCT_NAME = "$(TARGET_NAME)";
				SWIFT_VERSION = 5.0;
				TEST_HOST = "$(BUILT_PRODUCTS_DIR)/RTTrPM to OSC.app/Contents/MacOS/RTTrPM to OSC";
			};
			name = Release;
		};
		9A8CE22123688B5000FA566F /* Debug */ = {
			isa = XCBuildConfiguration;
			baseConfigurationReference = F9BF0C512C2B7C8820EA8959 /* Pods-RTTrPM to OSC-RTTrPM to OSCUITests.debug.xcconfig */;
			buildSettings = {
				ALWAYS_EMBED_SWIFT_STANDARD_LIBRARIES = YES;
				CODE_SIGN_STYLE = Automatic;
				COMBINE_HIDPI_IMAGES = YES;
				INFOPLIST_FILE = "RTTrPM to OSCUITests/Info.plist";
				LD_RUNPATH_SEARCH_PATHS = (
					"$(inherited)",
					"@executable_path/../Frameworks",
					"@loader_path/../Frameworks",
				);
				PRODUCT_BUNDLE_IDENTIFIER = "feld.RTTrPM-to-OSCUITests";
				PRODUCT_NAME = "$(TARGET_NAME)";
				SWIFT_VERSION = 5.0;
				TEST_TARGET_NAME = "RTTrPM to OSC";
			};
			name = Debug;
		};
		9A8CE22223688B5000FA566F /* Release */ = {
			isa = XCBuildConfiguration;
			baseConfigurationReference = E53041991B0B5B38A9B547DD /* Pods-RTTrPM to OSC-RTTrPM to OSCUITests.release.xcconfig */;
			buildSettings = {
				ALWAYS_EMBED_SWIFT_STANDARD_LIBRARIES = YES;
				CODE_SIGN_STYLE = Automatic;
				COMBINE_HIDPI_IMAGES = YES;
				INFOPLIST_FILE = "RTTrPM to OSCUITests/Info.plist";
				LD_RUNPATH_SEARCH_PATHS = (
					"$(inherited)",
					"@executable_path/../Frameworks",
					"@loader_path/../Frameworks",
				);
				PRODUCT_BUNDLE_IDENTIFIER = "feld.RTTrPM-to-OSCUITests";
				PRODUCT_NAME = "$(TARGET_NAME)";
				SWIFT_VERSION = 5.0;
				TEST_TARGET_NAME = "RTTrPM to OSC";
			};
			name = Release;
		};
/* End XCBuildConfiguration section */

/* Begin XCConfigurationList section */
		9A8CE1EF23688B4F00FA566F /* Build configuration list for PBXProject "RTTrPM to OSC" */ = {
			isa = XCConfigurationList;
			buildConfigurations = (
				9A8CE21823688B5000FA566F /* Debug */,
				9A8CE21923688B5000FA566F /* Release */,
			);
			defaultConfigurationIsVisible = 0;
			defaultConfigurationName = Release;
		};
		9A8CE21A23688B5000FA566F /* Build configuration list for PBXNativeTarget "RTTrPM to OSC" */ = {
			isa = XCConfigurationList;
			buildConfigurations = (
				9A8CE21B23688B5000FA566F /* Debug */,
				9A8CE21C23688B5000FA566F /* Release */,
			);
			defaultConfigurationIsVisible = 0;
			defaultConfigurationName = Release;
		};
		9A8CE21D23688B5000FA566F /* Build configuration list for PBXNativeTarget "RTTrPM to OSCTests" */ = {
			isa = XCConfigurationList;
			buildConfigurations = (
				9A8CE21E23688B5000FA566F /* Debug */,
				9A8CE21F23688B5000FA566F /* Release */,
			);
			defaultConfigurationIsVisible = 0;
			defaultConfigurationName = Release;
		};
		9A8CE22023688B5000FA566F /* Build configuration list for PBXNativeTarget "RTTrPM to OSCUITests" */ = {
			isa = XCConfigurationList;
			buildConfigurations = (
				9A8CE22123688B5000FA566F /* Debug */,
				9A8CE22223688B5000FA566F /* Release */,
			);
			defaultConfigurationIsVisible = 0;
			defaultConfigurationName = Release;
		};
/* End XCConfigurationList section */
	};
	rootObject = 9A8CE1EC23688B4F00FA566F /* Project object */;
}
